
Microsoft Visual Studio Solution File, Format Version 12.00
# Visual Studio Version 16
VisualStudioVersion = 16.0.31911.196
MinimumVisualStudioVersion = 10.0.40219.1
Project("{FAE04EC0-301F-11D3-BF4B-00C04F79EFBC}") = "WindowsFormsApp5", "WindowsFormsApp5\WindowsFormsApp5.csproj", "{92F0B9AA-4044-4866-A12F-7164D048672B}"
EndProject
Global
	GlobalSection(SolutionConfigurationPlatforms) = preSolution
		Debug|Any CPU = Debug|Any CPU
		Release|Any CPU = Release|Any CPU
	EndGlobalSection
	GlobalSection(ProjectConfigurationPlatforms) = postSolution
		{92F0B9AA-4044-4866-A12F-7164D048672B}.Debug|Any CPU.ActiveCfg = Debug|Any CPU
		{92F0B9AA-4044-4866-A12F-7164D048672B}.Debug|Any CPU.Build.0 = Debug|Any CPU
		{92F0B9AA-4044-4866-A12F-7164D048672B}.Release|Any CPU.ActiveCfg = Release|Any CPU
		{92F0B9AA-4044-4866-A12F-7164D048672B}.Release|Any CPU.Build.0 = Release|Any CPU
	EndGlobalSection
	GlobalSection(SolutionProperties) = preSolution
		HideSolutionNode = FALSE
	EndGlobalSection
	GlobalSection(ExtensibilityGlobals) = postSolution
		SolutionGuid = {DD28043A-3CC0-485C-A0B0-A659900AA8E2}
	EndGlobalSection
EndGlobal
